github.com/RiyaChaubey/dog v0.0.0-20241206183633-860e176ef9db h1:Pa0dKj/K3vifZId/j9geGXeY6PNroeiwIrYvngSPZUQ=
github.com/RiyaChaubey/dog v0.0.0-20241206183633-860e176ef9db/go.mod h1:K1nqaifeUDQlw8kdnC62x1H/CMgY2xhi0EyuuIt7TFQ=
github.com/RiyaChaubey/puppy v0.0.0-20241206181223-8e495241c42b h1:uqgj/YsKKOX6pdpiafIxP0HWRMj3yURalLIxlwpWk/s=
github.com/RiyaChaubey/puppy v0.0.0-20241206181223-8e495241c42b/go.mod h1:SI5mztk7YJXmKgSuB8skaW4IEqMOw9aBJKsgEWhz2kU=
github.com/RiyaChaubey/puppy v0.0.0-20241206184146-0e96a8523976 h1:2+hDzY5pczyi2GoKyFDxu1d2wSwvR8GAll3VNsuMyrg=
github.com/RiyaChaubey/puppy v0.0.0-20241206184146-0e96a8523976/go.mod h1:8RR1pVGfqDVwH3cm81Z2/B9mGu/zZnZ7nXz5zOKo4Vs=
